// !$*UTF8*$!
{
	archiveVersion = 1;
	classes = {
	};
	objectVersion = 50;
	objects = {

/* Begin PBXBuildFile section */
		240693F52260621500D6F7E9 /* Lock.storyboard in Resources */ = {isa = PBXBuildFile; fileRef = 240693F42260621500D6F7E9 /* Lock.storyboard */; };
		240693F82260623100D6F7E9 /* LockVC.m in Sources */ = {isa = PBXBuildFile; fileRef = 240693F72260623100D6F7E9 /* LockVC.m */; };
		2408DC872244746300F8F720 /* TableViewController.m in Sources */ = {isa = PBXBuildFile; fileRef = 2408DC862244746300F8F720 /* TableViewController.m */; };
		2408DC8D2244787A00F8F720 /* HLWThread.m in Sources */ = {isa = PBXBuildFile; fileRef = 2408DC8C2244787A00F8F720 /* HLWThread.m */; };
		24AD787122486E6D00520B8E /* HLWLivedThread.m in Sources */ = {isa = PBXBuildFile; fileRef = 24AD787022486E6D00520B8E /* HLWLivedThread.m */; };
		24AD7874224888C900520B8E /* LearnItem.m in Sources */ = {isa = PBXBuildFile; fileRef = 24AD7873224888C900520B8E /* LearnItem.m */; };
		24AD78792248B01100520B8E /* TestLivedThreadVC.m in Sources */ = {isa = PBXBuildFile; fileRef = 24AD78772248B01100520B8E /* TestLivedThreadVC.m */; };
		24AD787C2248B03C00520B8E /* TestLivedThreadVC.storyboard in Resources */ = {isa = PBXBuildFile; fileRef = 24AD787B2248B03C00520B8E /* TestLivedThreadVC.storyboard */; };
		24DBFA8F2261E86700810BBD /* LockDemo.m in Sources */ = {isa = PBXBuildFile; fileRef = 24DBFA8E2261E86700810BBD /* LockDemo.m */; };
		24DBFA922261EA5A00810BBD /* SpinLockDemo.m in Sources */ = {isa = PBXBuildFile; fileRef = 24DBFA912261EA5A00810BBD /* SpinLockDemo.m */; };
		24EA2FDE2243AA03004EE50F /* AppDelegate.m in Sources */ = {isa = PBXBuildFile; fileRef = 24EA2FDD2243AA03004EE50F /* AppDelegate.m */; };
		24EA2FE12243AA03004EE50F /* RunStopRunLoopVC.m in Sources */ = {isa = PBXBuildFile; fileRef = 24EA2FE02243AA03004EE50F /* RunStopRunLoopVC.m */; };
		24EA2FE42243AA03004EE50F /* Main.storyboard in Resources */ = {isa = PBXBuildFile; fileRef = 24EA2FE22243AA03004EE50F /* Main.storyboard */; };
		24EA2FE62243AA06004EE50F /* Assets.xcassets in Resources */ = {isa = PBXBuildFile; fileRef = 24EA2FE52243AA06004EE50F /* Assets.xcassets */; };
		24EA2FE92243AA06004EE50F /* LaunchScreen.storyboard in Resources */ = {isa = PBXBuildFile; fileRef = 24EA2FE72243AA06004EE50F /* LaunchScreen.storyboard */; };
		24EA2FEC2243AA06004EE50F /* main.m in Sources */ = {isa = PBXBuildFile; fileRef = 24EA2FEB2243AA06004EE50F /* main.m */; };
/* End PBXBuildFile section */

/* Begin PBXFileReference section */
		240693F42260621500D6F7E9 /* Lock.storyboard */ = {isa = PBXFileReference; lastKnownFileType = file.storyboard; path = Lock.storyboard; sourceTree = "<group>"; };
		240693F62260623100D6F7E9 /* LockVC.h */ = {isa = PBXFileReference; lastKnownFileType = sourcecode.c.h; path = LockVC.h; sourceTree = "<group>"; };
		240693F72260623100D6F7E9 /* LockVC.m */ = {isa = PBXFileReference; lastKnownFileType = sourcecode.c.objc; path = LockVC.m; sourceTree = "<group>"; };
		2408DC852244746300F8F720 /* TableViewController.h */ = {isa = PBXFileReference; lastKnownFileType = sourcecode.c.h; path = TableViewController.h; sourceTree = "<group>"; };
		2408DC862244746300F8F720 /* TableViewController.m */ = {isa = PBXFileReference; lastKnownFileType = sourcecode.c.objc; path = TableViewController.m; sourceTree = "<group>"; };
		2408DC8B2244787900F8F720 /* HLWThread.h */ = {isa = PBXFileReference; fileEncoding = 4; lastKnownFileType = sourcecode.c.h; path = HLWThread.h; sourceTree = "<group>"; };
		2408DC8C2244787A00F8F720 /* HLWThread.m */ = {isa = PBXFileReference; fileEncoding = 4; lastKnownFileType = sourcecode.c.objc; path = HLWThread.m; sourceTree = "<group>"; };
		24AD786F22486E6D00520B8E /* HLWLivedThread.h */ = {isa = PBXFileReference; lastKnownFileType = sourcecode.c.h; path = HLWLivedThread.h; sourceTree = "<group>"; };
		24AD787022486E6D00520B8E /* HLWLivedThread.m */ = {isa = PBXFileReference; lastKnownFileType = sourcecode.c.objc; path = HLWLivedThread.m; sourceTree = "<group>"; };
		24AD7872224888C900520B8E /* LearnItem.h */ = {isa = PBXFileReference; lastKnownFileType = sourcecode.c.h; path = LearnItem.h; sourceTree = "<group>"; };
		24AD7873224888C900520B8E /* LearnItem.m */ = {isa = PBXFileReference; lastKnownFileType = sourcecode.c.objc; path = LearnItem.m; sourceTree = "<group>"; };
		24AD78762248B01100520B8E /* TestLivedThreadVC.h */ = {isa = PBXFileReference; lastKnownFileType = sourcecode.c.h; path = TestLivedThreadVC.h; sourceTree = "<group>"; };
		24AD78772248B01100520B8E /* TestLivedThreadVC.m */ = {isa = PBXFileReference; lastKnownFileType = sourcecode.c.objc; path = TestLivedThreadVC.m; sourceTree = "<group>"; };
		24AD787B2248B03C00520B8E /* TestLivedThreadVC.storyboard */ = {isa = PBXFileReference; lastKnownFileType = file.storyboard; path = TestLivedThreadVC.storyboard; sourceTree = "<group>"; };
		24DBFA8D2261E86700810BBD /* LockDemo.h */ = {isa = PBXFileReference; lastKnownFileType = sourcecode.c.h; path = LockDemo.h; sourceTree = "<group>"; };
		24DBFA8E2261E86700810BBD /* LockDemo.m */ = {isa = PBXFileReference; lastKnownFileType = sourcecode.c.objc; path = LockDemo.m; sourceTree = "<group>"; };
		24DBFA902261EA5A00810BBD /* SpinLockDemo.h */ = {isa = PBXFileReference; lastKnownFileType = sourcecode.c.h; path = SpinLockDemo.h; sourceTree = "<group>"; };
		24DBFA912261EA5A00810BBD /* SpinLockDemo.m */ = {isa = PBXFileReference; lastKnownFileType = sourcecode.c.objc; path = SpinLockDemo.m; sourceTree = "<group>"; };
		24EA2FD92243AA03004EE50F /* iOSLowLayer.app */ = {isa = PBXFileReference; explicitFileType = wrapper.application; includeInIndex = 0; path = iOSLowLayer.app; sourceTree = BUILT_PRODUCTS_DIR; };
		24EA2FDC2243AA03004EE50F /* AppDelegate.h */ = {isa = PBXFileReference; lastKnownFileType = sourcecode.c.h; path = AppDelegate.h; sourceTree = "<group>"; };
		24EA2FDD2243AA03004EE50F /* AppDelegate.m */ = {isa = PBXFileReference; lastKnownFileType = sourcecode.c.objc; path = AppDelegate.m; sourceTree = "<group>"; };
		24EA2FDF2243AA03004EE50F /* RunStopRunLoopVC.h */ = {isa = PBXFileReference; lastKnownFileType = sourcecode.c.h; path = RunStopRunLoopVC.h; sourceTree = "<group>"; };
		24EA2FE02243AA03004EE50F /* RunStopRunLoopVC.m */ = {isa = PBXFileReference; lastKnownFileType = sourcecode.c.objc; path = RunStopRunLoopVC.m; sourceTree = "<group>"; };
		24EA2FE32243AA03004EE50F /* Base */ = {isa = PBXFileReference; lastKnownFileType = file.storyboard; name = Base; path = Base.lproj/Main.storyboard; sourceTree = "<group>"; };
		24EA2FE52243AA06004EE50F /* Assets.xcassets */ = {isa = PBXFileReference; lastKnownFileType = folder.assetcatalog; path = Assets.xcassets; sourceTree = "<group>"; };
		24EA2FE82243AA06004EE50F /* Base */ = {isa = PBXFileReference; lastKnownFileType = file.storyboard; name = Base; path = Base.lproj/LaunchScreen.storyboard; sourceTree = "<group>"; };
		24EA2FEA2243AA06004EE50F /* Info.plist */ = {isa = PBXFileReference; lastKnownFileType = text.plist.xml; path = Info.plist; sourceTree = "<group>"; };
		24EA2FEB2243AA06004EE50F /* main.m */ = {isa = PBXFileReference; lastKnownFileType = sourcecode.c.objc; path = main.m; sourceTree = "<group>"; };
/* End PBXFileReference section */

/* Begin PBXFrameworksBuildPhase section */
		24EA2FD62243AA03004EE50F /* Frameworks */ = {
			isa = PBXFrameworksBuildPhase;
			buildActionMask = 2147483647;
			files = (
			);
			runOnlyForDeploymentPostprocessing = 0;
		};
/* End PBXFrameworksBuildPhase section */

/* Begin PBXGroup section */
		240693F3226061D700D6F7E9 /* Lock */ = {
			isa = PBXGroup;
			children = (
				240693F42260621500D6F7E9 /* Lock.storyboard */,
				240693F62260623100D6F7E9 /* LockVC.h */,
				240693F72260623100D6F7E9 /* LockVC.m */,
				24DBFA8D2261E86700810BBD /* LockDemo.h */,
				24DBFA8E2261E86700810BBD /* LockDemo.m */,
				24DBFA902261EA5A00810BBD /* SpinLockDemo.h */,
				24DBFA912261EA5A00810BBD /* SpinLockDemo.m */,
			);
			path = Lock;
			sourceTree = "<group>";
		};
		24AD78752248AFB100520B8E /* LivedThread */ = {
			isa = PBXGroup;
			children = (
				2408DC8B2244787900F8F720 /* HLWThread.h */,
				2408DC8C2244787A00F8F720 /* HLWThread.m */,
				24AD786F22486E6D00520B8E /* HLWLivedThread.h */,
				24AD787022486E6D00520B8E /* HLWLivedThread.m */,
				24AD78762248B01100520B8E /* TestLivedThreadVC.h */,
				24AD78772248B01100520B8E /* TestLivedThreadVC.m */,
				24AD787B2248B03C00520B8E /* TestLivedThreadVC.storyboard */,
			);
			path = LivedThread;
			sourceTree = "<group>";
		};
		24EA2FD02243AA03004EE50F = {
			isa = PBXGroup;
			children = (
				24EA2FDB2243AA03004EE50F /* iOSLowLayer */,
				24EA2FDA2243AA03004EE50F /* Products */,
			);
			sourceTree = "<group>";
		};
		24EA2FDA2243AA03004EE50F /* Products */ = {
			isa = PBXGroup;
			children = (
				24EA2FD92243AA03004EE50F /* iOSLowLayer.app */,
			);
			name = Products;
			sourceTree = "<group>";
		};
		24EA2FDB2243AA03004EE50F /* iOSLowLayer */ = {
			isa = PBXGroup;
			children = (
				24EA2FDC2243AA03004EE50F /* AppDelegate.h */,
				24EA2FDD2243AA03004EE50F /* AppDelegate.m */,
				2408DC852244746300F8F720 /* TableViewController.h */,
				2408DC862244746300F8F720 /* TableViewController.m */,
				24AD7872224888C900520B8E /* LearnItem.h */,
				24AD7873224888C900520B8E /* LearnItem.m */,
				24EA2FDF2243AA03004EE50F /* RunStopRunLoopVC.h */,
				24EA2FE02243AA03004EE50F /* RunStopRunLoopVC.m */,
				240693F3226061D700D6F7E9 /* Lock */,
				24AD78752248AFB100520B8E /* LivedThread */,
				24EA2FE22243AA03004EE50F /* Main.storyboard */,
				24EA2FE52243AA06004EE50F /* Assets.xcassets */,
				24EA2FE72243AA06004EE50F /* LaunchScreen.storyboard */,
				24EA2FEA2243AA06004EE50F /* Info.plist */,
				24EA2FEB2243AA06004EE50F /* main.m */,
			);
			path = iOSLowLayer;
			sourceTree = "<group>";
		};
/* End PBXGroup section */

/* Begin PBXNativeTarget section */
		24EA2FD82243AA03004EE50F /* iOSLowLayer */ = {
			isa = PBXNativeTarget;
			buildConfigurationList = 24EA2FEF2243AA07004EE50F /* Build configuration list for PBXNativeTarget "iOSLowLayer" */;
			buildPhases = (
				24EA2FD52243AA03004EE50F /* Sources */,
				24EA2FD62243AA03004EE50F /* Frameworks */,
				24EA2FD72243AA03004EE50F /* Resources */,
			);
			buildRules = (
			);
			dependencies = (
			);
			name = iOSLowLayer;
			productName = iOSLowLayer;
			productReference = 24EA2FD92243AA03004EE50F /* iOSLowLayer.app */;
			productType = "com.apple.product-type.application";
		};
/* End PBXNativeTarget section */

/* Begin PBXProject section */
		24EA2FD12243AA03004EE50F /* Project object */ = {
			isa = PBXProject;
			attributes = {
				LastUpgradeCheck = 1010;
				ORGANIZATIONNAME = itang;
				TargetAttributes = {
					24EA2FD82243AA03004EE50F = {
						CreatedOnToolsVersion = 10.1;
					};
				};
			};
			buildConfigurationList = 24EA2FD42243AA03004EE50F /* Build configuration list for PBXProject "iOSLowLayer" */;
			compatibilityVersion = "Xcode 9.3";
			developmentRegion = en;
			hasScannedForEncodings = 0;
			knownRegions = (
				en,
				Base,
			);
			mainGroup = 24EA2FD02243AA03004EE50F;
			productRefGroup = 24EA2FDA2243AA03004EE50F /* Products */;
			projectDirPath = "";
			projectRoot = "";
			targets = (
				24EA2FD82243AA03004EE50F /* iOSLowLayer */,
			);
		};
/* End PBXProject section */

/* Begin PBXResourcesBuildPhase section */
		24EA2FD72243AA03004EE50F /* Resources */ = {
			isa = PBXResourcesBuildPhase;
			buildActionMask = 2147483647;
			files = (
				24AD787C2248B03C00520B8E /* TestLivedThreadVC.storyboard in Resources */,
				24EA2FE92243AA06004EE50F /* LaunchScreen.storyboard in Resources */,
				24EA2FE62243AA06004EE50F /* Assets.xcassets in Resources */,
				24EA2FE42243AA03004EE50F /* Main.storyboard in Resources */,
				240693F52260621500D6F7E9 /* Lock.storyboard in Resources */,
			);
			runOnlyForDeploymentPostprocessing = 0;
		};
/* End PBXResourcesBuildPhase section */

/* Begin PBXSourcesBuildPhase section */
		24EA2FD52243AA03004EE50F /* Sources */ = {
			isa = PBXSourcesBuildPhase;
			buildActionMask = 2147483647;
			files = (
				24EA2FE12243AA03004EE50F /* RunStopRunLoopVC.m in Sources */,
				24DBFA8F2261E86700810BBD /* LockDemo.m in Sources */,
				24EA2FEC2243AA06004EE50F /* main.m in Sources */,
				24AD787122486E6D00520B8E /* HLWLivedThread.m in Sources */,
				240693F82260623100D6F7E9 /* LockVC.m in Sources */,
				24AD78792248B01100520B8E /* TestLivedThreadVC.m in Sources */,
				24EA2FDE2243AA03004EE50F /* AppDelegate.m in Sources */,
				2408DC8D2244787A00F8F720 /* HLWThread.m in Sources */,
				24AD7874224888C900520B8E /* LearnItem.m in Sources */,
				2408DC872244746300F8F720 /* TableViewController.m in Sources */,
				24DBFA922261EA5A00810BBD /* SpinLockDemo.m in Sources */,
			);
			runOnlyForDeploymentPostprocessing = 0;
		};
/* End PBXSourcesBuildPhase section */

/* Begin PBXVariantGroup section */
		24EA2FE22243AA03004EE50F /* Main.storyboard */ = {
			isa = PBXVariantGroup;
			children = (
				24EA2FE32243AA03004EE50F /* Base */,
			);
			name = Main.storyboard;
			sourceTree = "<group>";
		};
		24EA2FE72243AA06004EE50F /* LaunchScreen.storyboard */ = {
			isa = PBXVariantGroup;
			children = (
				24EA2FE82243AA06004EE50F /* Base */,
			);
			name = LaunchScreen.storyboard;
			sourceTree = "<group>";
		};
/* End PBXVariantGroup section */

/* Begin XCBuildConfiguration section */
		24EA2FED2243AA06004EE50F /* Debug */ = {
			isa = XCBuildConfiguration;
			buildSettings = {
				ALWAYS_SEARCH_USER_PATHS = NO;
				CLANG_ANALYZER_NONNULL = YES;
				CLANG_ANALYZER_NUMBER_OBJECT_CONVERSION = YES_AGGRESSIVE;
				CLANG_CXX_LANGUAGE_STANDARD = "gnu++14";
				CLANG_CXX_LIBRARY = "libc++";
				CLANG_ENABLE_MODULES = YES;
				CLANG_ENABLE_OBJC_ARC = YES;
				CLANG_ENABLE_OBJC_WEAK = YES;
				CLANG_WARN_BLOCK_CAPTURE_AUTORELEASING = YES;
				CLANG_WARN_BOOL_CONVERSION = YES;
				CLANG_WARN_COMMA = YES;
				CLANG_WARN_CONSTANT_CONVERSION = YES;
				CLANG_WARN_DEPRECATED_OBJC_IMPLEMENTATIONS = YES;
				CLANG_WARN_DIRECT_OBJC_ISA_USAGE = YES_ERROR;
				CLANG_WARN_DOCUMENTATION_COMMENTS = YES;
				CLANG_WARN_EMPTY_BODY = YES;
				CLANG_WARN_ENUM_CONVERSION = YES;
				CLANG_WARN_INFINITE_RECURSION = YES;
				CLANG_WARN_INT_CONVERSION = YES;
				CLANG_WARN_NON_LITERAL_NULL_CONVERSION = YES;
				CLANG_WARN_OBJC_IMPLICIT_RETAIN_SELF = YES;
				CLANG_WARN_OBJC_LITERAL_CONVERSION = YES;
				CLANG_WARN_OBJC_ROOT_CLASS = YES_ERROR;
				CLANG_WARN_RANGE_LOOP_ANALYSIS = YES;
				CLANG_WARN_STRICT_PROTOTYPES = YES;
				CLANG_WARN_SUSPICIOUS_MOVE = YES;
				CLANG_WARN_UNGUARDED_AVAILABILITY = YES_AGGRESSIVE;
				CLANG_WARN_UNREACHABLE_CODE = YES;
				CLANG_WARN__DUPLICATE_METHOD_MATCH = YES;
				CODE_SIGN_IDENTITY = "iPhone Developer";
				COPY_PHASE_STRIP = NO;
				DEBUG_INFORMATION_FORMAT = dwarf;
				ENABLE_STRICT_OBJC_MSGSEND = YES;
				ENABLE_TESTABILITY = YES;
				GCC_C_LANGUAGE_STANDARD = gnu11;
				GCC_DYNAMIC_NO_PIC = NO;
				GCC_NO_COMMON_BLOCKS = YES;
				GCC_OPTIMIZATION_LEVEL = 0;
				GCC_PREPROCESSOR_DEFINITIONS = (
					"DEBUG=1",
					"$(inherited)",
				);
				GCC_WARN_64_TO_32_BIT_CONVERSION = YES;
				GCC_WARN_ABOUT_RETURN_TYPE = YES_ERROR;
				GCC_WARN_UNDECLARED_SELECTOR = YES;
				GCC_WARN_UNINITIALIZED_AUTOS = YES_AGGRESSIVE;
				GCC_WARN_UNUSED_FUNCTION = YES;
				GCC_WARN_UNUSED_VARIABLE = YES;
				IPHONEOS_DEPLOYMENT_TARGET = 7.0;
				MTL_ENABLE_DEBUG_INFO = INCLUDE_SOURCE;
				MTL_FAST_MATH = YES;
				ONLY_ACTIVE_ARCH = YES;
				SDKROOT = iphoneos;
			};
			name = Debug;
		};
		24EA2FEE2243AA07004EE50F /* Release */ = {
			isa = XCBuildConfiguration;
			buildSettings = {
				ALWAYS_SEARCH_USER_PATHS = NO;
				CLANG_ANALYZER_NONNULL = YES;
				CLANG_ANALYZER_NUMBER_OBJECT_CONVERSION = YES_AGGRESSIVE;
				CLANG_CXX_LANGUAGE_STANDARD = "gnu++14";
				CLANG_CXX_LIBRARY = "libc++";
				CLANG_ENABLE_MODULES = YES;
				CLANG_ENABLE_OBJC_ARC = YES;
				CLANG_ENABLE_OBJC_WEAK = YES;
				CLANG_WARN_BLOCK_CAPTURE_AUTORELEASING = YES;
				CLANG_WARN_BOOL_CONVERSION = YES;
				CLANG_WARN_COMMA = YES;
				CLANG_WARN_CONSTANT_CONVERSION = YES;
				CLANG_WARN_DEPRECATED_OBJC_IMPLEMENTATIONS = YES;
				CLANG_WARN_DIRECT_OBJC_ISA_USAGE = YES_ERROR;
				CLANG_WARN_DOCUMENTATION_COMMENTS = YES;
				CLANG_WARN_EMPTY_BODY = YES;
				CLANG_WARN_ENUM_CONVERSION = YES;
				CLANG_WARN_INFINITE_RECURSION = YES;
				CLANG_WARN_INT_CONVERSION = YES;
				CLANG_WARN_NON_LITERAL_NULL_CONVERSION = YES;
				CLANG_WARN_OBJC_IMPLICIT_RETAIN_SELF = YES;
				CLANG_WARN_OBJC_LITERAL_CONVERSION = YES;
				CLANG_WARN_OBJC_ROOT_CLASS = YES_ERROR;
				CLANG_WARN_RANGE_LOOP_ANALYSIS = YES;
				CLANG_WARN_STRICT_PROTOTYPES = YES;
				CLANG_WARN_SUSPICIOUS_MOVE = YES;
				CLANG_WARN_UNGUARDED_AVAILABILITY = YES_AGGRESSIVE;
				CLANG_WARN_UNREACHABLE_CODE = YES;
				CLANG_WARN__DUPLICATE_METHOD_MATCH = YES;
				CODE_SIGN_IDENTITY = "iPhone Developer";
				COPY_PHASE_STRIP = NO;
				DEBUG_INFORMATION_FORMAT = "dwarf-with-dsym";
				ENABLE_NS_ASSERTIONS = NO;
				ENABLE_STRICT_OBJC_MSGSEND = YES;
				GCC_C_LANGUAGE_STANDARD = gnu11;
				GCC_NO_COMMON_BLOCKS = YES;
				GCC_WARN_64_TO_32_BIT_CONVERSION = YES;
				GCC_WARN_ABOUT_RETURN_TYPE = YES_ERROR;
				GCC_WARN_UNDECLARED_SELECTOR = YES;
				GCC_WARN_UNINITIALIZED_AUTOS = YES_AGGRESSIVE;
				GCC_WARN_UNUSED_FUNCTION = YES;
				GCC_WARN_UNUSED_VARIABLE = YES;
				IPHONEOS_DEPLOYMENT_TARGET = 7.0;
				MTL_ENABLE_DEBUG_INFO = NO;
				MTL_FAST_MATH = YES;
				SDKROOT = iphoneos;
				VALIDATE_PRODUCT = YES;
			};
			name = Release;
		};
		24EA2FF02243AA07004EE50F /* Debug */ = {
			isa = XCBuildConfiguration;
			buildSettings = {
				ASSETCATALOG_COMPILER_APPICON_NAME = AppIcon;
				CODE_SIGN_STYLE = Automatic;
				INFOPLIST_FILE = iOSLowLayer/Info.plist;
				LD_RUNPATH_SEARCH_PATHS = (
					"$(inherited)",
					"@executable_path/Frameworks",
				);
				PRODUCT_BUNDLE_IDENTIFIER = com.itang.iOSLowLayer;
				PRODUCT_NAME = "$(TARGET_NAME)";
				TARGETED_DEVICE_FAMILY = "1,2";
			};
			name = Debug;
		};
		24EA2FF12243AA07004EE50F /* Release */ = {
			isa = XCBuildConfiguration;
			buildSettings = {
				ASSETCATALOG_COMPILER_APPICON_NAME = AppIcon;
				CODE_SIGN_STYLE = Automatic;
				INFOPLIST_FILE = iOSLowLayer/Info.plist;
				LD_RUNPATH_SEARCH_PATHS = (
					"$(inherited)",
					"@executable_path/Frameworks",
				);
				PRODUCT_BUNDLE_IDENTIFIER = com.itang.iOSLowLayer;
				PRODUCT_NAME = "$(TARGET_NAME)";
				TARGETED_DEVICE_FAMILY = "1,2";
			};
			name = Release;
		};
/* End XCBuildConfiguration section */

/* Begin XCConfigurationList section */
		24EA2FD42243AA03004EE50F /* Build configuration list for PBXProject "iOSLowLayer" */ = {
			isa = XCConfigurationList;
			buildConfigurations = (
				24EA2FED2243AA06004EE50F /* Debug */,
				24EA2FEE2243AA07004EE50F /* Release */,
			);
			defaultConfigurationIsVisible = 0;
			defaultConfigurationName = Release;
		};
		24EA2FEF2243AA07004EE50F /* Build configuration list for PBXNativeTarget "iOSLowLayer" */ = {
			isa = XCConfigurationList;
			buildConfigurations = (
				24EA2FF02243AA07004EE50F /* Debug */,
				24EA2FF12243AA07004EE50F /* Release */,
			);
			defaultConfigurationIsVisible = 0;
			defaultConfigurationName = Release;
		};
/* End XCConfigurationList section */
	};
	rootObject = 24EA2FD12243AA03004EE50F /* Project object */;
}
