// !$*UTF8*$!
{
	archiveVersion = 1;
	classes = {
	};
	objectVersion = 50;
	objects = {

/* Begin PBXBuildFile section */
		240025872262E3B1003FF26C /* RecursiveMutexLockDemo.m in Sources */ = {isa = PBXBuildFile; fileRef = 240025862262E3B1003FF26C /* RecursiveMutexLockDemo.m */; };
		24006776226EABC30079368B /* HLWTimerTarget.m in Sources */ = {isa = PBXBuildFile; fileRef = 24006775226EABC30079368B /* HLWTimerTarget.m */; };
		2400677C226F008A0079368B /* HLWTargetProxy.m in Sources */ = {isa = PBXBuildFile; fileRef = 2400677B226F008A0079368B /* HLWTargetProxy.m */; };
		240693F52260621500D6F7E9 /* Lock.storyboard in Resources */ = {isa = PBXBuildFile; fileRef = 240693F42260621500D6F7E9 /* Lock.storyboard */; };
		240693F82260623100D6F7E9 /* LockVC.m in Sources */ = {isa = PBXBuildFile; fileRef = 240693F72260623100D6F7E9 /* LockVC.m */; };
		2408DC872244746300F8F720 /* TableViewController.m in Sources */ = {isa = PBXBuildFile; fileRef = 2408DC862244746300F8F720 /* TableViewController.m */; };
		2408DC8D2244787A00F8F720 /* HLWThread.m in Sources */ = {isa = PBXBuildFile; fileRef = 2408DC8C2244787A00F8F720 /* HLWThread.m */; };
		24238CBC2269569300FC415F /* NSLockDemo.m in Sources */ = {isa = PBXBuildFile; fileRef = 24238CBB2269569300FC415F /* NSLockDemo.m */; };
		24238CBF226964C300FC415F /* NSRecursiveLockDemo.m in Sources */ = {isa = PBXBuildFile; fileRef = 24238CBE226964C300FC415F /* NSRecursiveLockDemo.m */; };
		24238CC222696BE300FC415F /* NSConditionDemo.m in Sources */ = {isa = PBXBuildFile; fileRef = 24238CC122696BE300FC415F /* NSConditionDemo.m */; };
		24238CC52269A58100FC415F /* NSConditionLockDemo.m in Sources */ = {isa = PBXBuildFile; fileRef = 24238CC42269A58100FC415F /* NSConditionLockDemo.m */; };
		24238CC82269C06300FC415F /* SynSerialQueueDemo.m in Sources */ = {isa = PBXBuildFile; fileRef = 24238CC72269C06300FC415F /* SynSerialQueueDemo.m */; };
		245241E9226AB83000C246F9 /* SemaphoreDemo.m in Sources */ = {isa = PBXBuildFile; fileRef = 245241E8226AB83000C246F9 /* SemaphoreDemo.m */; };
		245241EC226ACC8400C246F9 /* SynchronizedDemo.m in Sources */ = {isa = PBXBuildFile; fileRef = 245241EB226ACC8400C246F9 /* SynchronizedDemo.m */; };
		2469442C2261FDA0003B36BA /* MutexDemo.m in Sources */ = {isa = PBXBuildFile; fileRef = 2469442B2261FDA0003B36BA /* MutexDemo.m */; };
		24A7B19B226D684500171118 /* ReadWriteLockVC.storyboard in Resources */ = {isa = PBXBuildFile; fileRef = 24A7B19A226D684500171118 /* ReadWriteLockVC.storyboard */; };
		24A7B19E226D726700171118 /* ReadWriteLockVC.m in Sources */ = {isa = PBXBuildFile; fileRef = 24A7B19D226D726700171118 /* ReadWriteLockVC.m */; };
		24A7B1A2226DD44D00171118 /* MemoryManagerDemoVC.m in Sources */ = {isa = PBXBuildFile; fileRef = 24A7B1A1226DD44D00171118 /* MemoryManagerDemoVC.m */; };
		24A7B1A4226DDB0700171118 /* MemoryManagerDemoVC.storyboard in Resources */ = {isa = PBXBuildFile; fileRef = 24A7B1A3226DDB0700171118 /* MemoryManagerDemoVC.storyboard */; };
		24ACE892226459FE000B9054 /* CheckLockTypeDemo.m in Sources */ = {isa = PBXBuildFile; fileRef = 24ACE891226459FE000B9054 /* CheckLockTypeDemo.m */; };
		24AD787122486E6D00520B8E /* HLWLivedThread.m in Sources */ = {isa = PBXBuildFile; fileRef = 24AD787022486E6D00520B8E /* HLWLivedThread.m */; };
		24AD7874224888C900520B8E /* LearnItem.m in Sources */ = {isa = PBXBuildFile; fileRef = 24AD7873224888C900520B8E /* LearnItem.m */; };
		24AD78792248B01100520B8E /* TestLivedThreadVC.m in Sources */ = {isa = PBXBuildFile; fileRef = 24AD78772248B01100520B8E /* TestLivedThreadVC.m */; };
		24AD787C2248B03C00520B8E /* TestLivedThreadVC.storyboard in Resources */ = {isa = PBXBuildFile; fileRef = 24AD787B2248B03C00520B8E /* TestLivedThreadVC.storyboard */; };
		24DBFA8F2261E86700810BBD /* LockDemo.m in Sources */ = {isa = PBXBuildFile; fileRef = 24DBFA8E2261E86700810BBD /* LockDemo.m */; };
		24DBFA922261EA5A00810BBD /* SpinLockDemo.m in Sources */ = {isa = PBXBuildFile; fileRef = 24DBFA912261EA5A00810BBD /* SpinLockDemo.m */; };
		24DBFA952261F01600810BBD /* UnfairLockDemo.m in Sources */ = {isa = PBXBuildFile; fileRef = 24DBFA942261F01600810BBD /* UnfairLockDemo.m */; };
		24EA2FDE2243AA03004EE50F /* AppDelegate.m in Sources */ = {isa = PBXBuildFile; fileRef = 24EA2FDD2243AA03004EE50F /* AppDelegate.m */; };
		24EA2FE12243AA03004EE50F /* RunStopRunLoopVC.m in Sources */ = {isa = PBXBuildFile; fileRef = 24EA2FE02243AA03004EE50F /* RunStopRunLoopVC.m */; };
		24EA2FE42243AA03004EE50F /* Main.storyboard in Resources */ = {isa = PBXBuildFile; fileRef = 24EA2FE22243AA03004EE50F /* Main.storyboard */; };
		24EA2FE62243AA06004EE50F /* Assets.xcassets in Resources */ = {isa = PBXBuildFile; fileRef = 24EA2FE52243AA06004EE50F /* Assets.xcassets */; };
		24EA2FE92243AA06004EE50F /* LaunchScreen.storyboard in Resources */ = {isa = PBXBuildFile; fileRef = 24EA2FE72243AA06004EE50F /* LaunchScreen.storyboard */; };
		24EA2FEC2243AA06004EE50F /* main.m in Sources */ = {isa = PBXBuildFile; fileRef = 24EA2FEB2243AA06004EE50F /* main.m */; };
		24F62AF22268067E00BD5A77 /* ConditionMutexLockDemo.m in Sources */ = {isa = PBXBuildFile; fileRef = 24F62AF12268067E00BD5A77 /* ConditionMutexLockDemo.m */; };
/* End PBXBuildFile section */

/* Begin PBXFileReference section */
		240025852262E3B1003FF26C /* RecursiveMutexLockDemo.h */ = {isa = PBXFileReference; lastKnownFileType = sourcecode.c.h; path = RecursiveMutexLockDemo.h; sourceTree = "<group>"; };
		240025862262E3B1003FF26C /* RecursiveMutexLockDemo.m */ = {isa = PBXFileReference; lastKnownFileType = sourcecode.c.objc; path = RecursiveMutexLockDemo.m; sourceTree = "<group>"; };
		24006774226EABC30079368B /* HLWTimerTarget.h */ = {isa = PBXFileReference; lastKnownFileType = sourcecode.c.h; path = HLWTimerTarget.h; sourceTree = "<group>"; };
		24006775226EABC30079368B /* HLWTimerTarget.m */ = {isa = PBXFileReference; lastKnownFileType = sourcecode.c.objc; path = HLWTimerTarget.m; sourceTree = "<group>"; };
		2400677A226F008A0079368B /* HLWTargetProxy.h */ = {isa = PBXFileReference; fileEncoding = 4; lastKnownFileType = sourcecode.c.h; path = HLWTargetProxy.h; sourceTree = "<group>"; };
		2400677B226F008A0079368B /* HLWTargetProxy.m */ = {isa = PBXFileReference; fileEncoding = 4; lastKnownFileType = sourcecode.c.objc; path = HLWTargetProxy.m; sourceTree = "<group>"; };
		240693F42260621500D6F7E9 /* Lock.storyboard */ = {isa = PBXFileReference; lastKnownFileType = file.storyboard; path = Lock.storyboard; sourceTree = "<group>"; };
		240693F62260623100D6F7E9 /* LockVC.h */ = {isa = PBXFileReference; lastKnownFileType = sourcecode.c.h; path = LockVC.h; sourceTree = "<group>"; };
		240693F72260623100D6F7E9 /* LockVC.m */ = {isa = PBXFileReference; lastKnownFileType = sourcecode.c.objc; path = LockVC.m; sourceTree = "<group>"; };
		2408DC852244746300F8F720 /* TableViewController.h */ = {isa = PBXFileReference; lastKnownFileType = sourcecode.c.h; path = TableViewController.h; sourceTree = "<group>"; };
		2408DC862244746300F8F720 /* TableViewController.m */ = {isa = PBXFileReference; lastKnownFileType = sourcecode.c.objc; path = TableViewController.m; sourceTree = "<group>"; };
		2408DC8B2244787900F8F720 /* HLWThread.h */ = {isa = PBXFileReference; fileEncoding = 4; lastKnownFileType = sourcecode.c.h; path = HLWThread.h; sourceTree = "<group>"; };
		2408DC8C2244787A00F8F720 /* HLWThread.m */ = {isa = PBXFileReference; fileEncoding = 4; lastKnownFileType = sourcecode.c.objc; path = HLWThread.m; sourceTree = "<group>"; };
		24238CBA2269569300FC415F /* NSLockDemo.h */ = {isa = PBXFileReference; lastKnownFileType = sourcecode.c.h; path = NSLockDemo.h; sourceTree = "<group>"; };
		24238CBB2269569300FC415F /* NSLockDemo.m */ = {isa = PBXFileReference; lastKnownFileType = sourcecode.c.objc; path = NSLockDemo.m; sourceTree = "<group>"; };
		24238CBD226964C300FC415F /* NSRecursiveLockDemo.h */ = {isa = PBXFileReference; lastKnownFileType = sourcecode.c.h; path = NSRecursiveLockDemo.h; sourceTree = "<group>"; };
		24238CBE226964C300FC415F /* NSRecursiveLockDemo.m */ = {isa = PBXFileReference; lastKnownFileType = sourcecode.c.objc; path = NSRecursiveLockDemo.m; sourceTree = "<group>"; };
		24238CC022696BE300FC415F /* NSConditionDemo.h */ = {isa = PBXFileReference; lastKnownFileType = sourcecode.c.h; path = NSConditionDemo.h; sourceTree = "<group>"; };
		24238CC122696BE300FC415F /* NSConditionDemo.m */ = {isa = PBXFileReference; lastKnownFileType = sourcecode.c.objc; path = NSConditionDemo.m; sourceTree = "<group>"; };
		24238CC32269A58100FC415F /* NSConditionLockDemo.h */ = {isa = PBXFileReference; lastKnownFileType = sourcecode.c.h; path = NSConditionLockDemo.h; sourceTree = "<group>"; };
		24238CC42269A58100FC415F /* NSConditionLockDemo.m */ = {isa = PBXFileReference; lastKnownFileType = sourcecode.c.objc; path = NSConditionLockDemo.m; sourceTree = "<group>"; };
		24238CC62269C06300FC415F /* SynSerialQueueDemo.h */ = {isa = PBXFileReference; lastKnownFileType = sourcecode.c.h; path = SynSerialQueueDemo.h; sourceTree = "<group>"; };
		24238CC72269C06300FC415F /* SynSerialQueueDemo.m */ = {isa = PBXFileReference; lastKnownFileType = sourcecode.c.objc; path = SynSerialQueueDemo.m; sourceTree = "<group>"; };
		245241E7226AB83000C246F9 /* SemaphoreDemo.h */ = {isa = PBXFileReference; lastKnownFileType = sourcecode.c.h; path = SemaphoreDemo.h; sourceTree = "<group>"; };
		245241E8226AB83000C246F9 /* SemaphoreDemo.m */ = {isa = PBXFileReference; lastKnownFileType = sourcecode.c.objc; path = SemaphoreDemo.m; sourceTree = "<group>"; };
		245241EA226ACC8400C246F9 /* SynchronizedDemo.h */ = {isa = PBXFileReference; lastKnownFileType = sourcecode.c.h; path = SynchronizedDemo.h; sourceTree = "<group>"; };
		245241EB226ACC8400C246F9 /* SynchronizedDemo.m */ = {isa = PBXFileReference; lastKnownFileType = sourcecode.c.objc; path = SynchronizedDemo.m; sourceTree = "<group>"; };
		2469442A2261FDA0003B36BA /* MutexDemo.h */ = {isa = PBXFileReference; lastKnownFileType = sourcecode.c.h; path = MutexDemo.h; sourceTree = "<group>"; };
		2469442B2261FDA0003B36BA /* MutexDemo.m */ = {isa = PBXFileReference; lastKnownFileType = sourcecode.c.objc; path = MutexDemo.m; sourceTree = "<group>"; };
		24A7B19A226D684500171118 /* ReadWriteLockVC.storyboard */ = {isa = PBXFileReference; lastKnownFileType = file.storyboard; path = ReadWriteLockVC.storyboard; sourceTree = "<group>"; };
		24A7B19C226D726700171118 /* ReadWriteLockVC.h */ = {isa = PBXFileReference; lastKnownFileType = sourcecode.c.h; path = ReadWriteLockVC.h; sourceTree = "<group>"; };
		24A7B19D226D726700171118 /* ReadWriteLockVC.m */ = {isa = PBXFileReference; lastKnownFileType = sourcecode.c.objc; path = ReadWriteLockVC.m; sourceTree = "<group>"; };
		24A7B1A0226DD44D00171118 /* MemoryManagerDemoVC.h */ = {isa = PBXFileReference; lastKnownFileType = sourcecode.c.h; path = MemoryManagerDemoVC.h; sourceTree = "<group>"; };
		24A7B1A1226DD44D00171118 /* MemoryManagerDemoVC.m */ = {isa = PBXFileReference; lastKnownFileType = sourcecode.c.objc; path = MemoryManagerDemoVC.m; sourceTree = "<group>"; };
		24A7B1A3226DDB0700171118 /* MemoryManagerDemoVC.storyboard */ = {isa = PBXFileReference; lastKnownFileType = file.storyboard; path = MemoryManagerDemoVC.storyboard; sourceTree = "<group>"; };
		24ACE890226459FE000B9054 /* CheckLockTypeDemo.h */ = {isa = PBXFileReference; lastKnownFileType = sourcecode.c.h; path = CheckLockTypeDemo.h; sourceTree = "<group>"; };
		24ACE891226459FE000B9054 /* CheckLockTypeDemo.m */ = {isa = PBXFileReference; lastKnownFileType = sourcecode.c.objc; path = CheckLockTypeDemo.m; sourceTree = "<group>"; };
		24AD786F22486E6D00520B8E /* HLWLivedThread.h */ = {isa = PBXFileReference; lastKnownFileType = sourcecode.c.h; path = HLWLivedThread.h; sourceTree = "<group>"; };
		24AD787022486E6D00520B8E /* HLWLivedThread.m */ = {isa = PBXFileReference; lastKnownFileType = sourcecode.c.objc; path = HLWLivedThread.m; sourceTree = "<group>"; };
		24AD7872224888C900520B8E /* LearnItem.h */ = {isa = PBXFileReference; lastKnownFileType = sourcecode.c.h; path = LearnItem.h; sourceTree = "<group>"; };
		24AD7873224888C900520B8E /* LearnItem.m */ = {isa = PBXFileReference; lastKnownFileType = sourcecode.c.objc; path = LearnItem.m; sourceTree = "<group>"; };
		24AD78762248B01100520B8E /* TestLivedThreadVC.h */ = {isa = PBXFileReference; lastKnownFileType = sourcecode.c.h; path = TestLivedThreadVC.h; sourceTree = "<group>"; };
		24AD78772248B01100520B8E /* TestLivedThreadVC.m */ = {isa = PBXFileReference; lastKnownFileType = sourcecode.c.objc; path = TestLivedThreadVC.m; sourceTree = "<group>"; };
		24AD787B2248B03C00520B8E /* TestLivedThreadVC.storyboard */ = {isa = PBXFileReference; lastKnownFileType = file.storyboard; path = TestLivedThreadVC.storyboard; sourceTree = "<group>"; };
		24DBFA8D2261E86700810BBD /* LockDemo.h */ = {isa = PBXFileReference; lastKnownFileType = sourcecode.c.h; path = LockDemo.h; sourceTree = "<group>"; };
		24DBFA8E2261E86700810BBD /* LockDemo.m */ = {isa = PBXFileReference; lastKnownFileType = sourcecode.c.objc; path = LockDemo.m; sourceTree = "<group>"; };
		24DBFA902261EA5A00810BBD /* SpinLockDemo.h */ = {isa = PBXFileReference; lastKnownFileType = sourcecode.c.h; path = SpinLockDemo.h; sourceTree = "<group>"; };
		24DBFA912261EA5A00810BBD /* SpinLockDemo.m */ = {isa = PBXFileReference; lastKnownFileType = sourcecode.c.objc; path = SpinLockDemo.m; sourceTree = "<group>"; };
		24DBFA932261F01600810BBD /* UnfairLockDemo.h */ = {isa = PBXFileReference; lastKnownFileType = sourcecode.c.h; path = UnfairLockDemo.h; sourceTree = "<group>"; };
		24DBFA942261F01600810BBD /* UnfairLockDemo.m */ = {isa = PBXFileReference; lastKnownFileType = sourcecode.c.objc; path = UnfairLockDemo.m; sourceTree = "<group>"; };
		24EA2FD92243AA03004EE50F /* iOSLowLayer.app */ = {isa = PBXFileReference; explicitFileType = wrapper.application; includeInIndex = 0; path = iOSLowLayer.app; sourceTree = BUILT_PRODUCTS_DIR; };
		24EA2FDC2243AA03004EE50F /* AppDelegate.h */ = {isa = PBXFileReference; lastKnownFileType = sourcecode.c.h; path = AppDelegate.h; sourceTree = "<group>"; };
		24EA2FDD2243AA03004EE50F /* AppDelegate.m */ = {isa = PBXFileReference; lastKnownFileType = sourcecode.c.objc; path = AppDelegate.m; sourceTree = "<group>"; };
		24EA2FDF2243AA03004EE50F /* RunStopRunLoopVC.h */ = {isa = PBXFileReference; lastKnownFileType = sourcecode.c.h; path = RunStopRunLoopVC.h; sourceTree = "<group>"; };
		24EA2FE02243AA03004EE50F /* RunStopRunLoopVC.m */ = {isa = PBXFileReference; lastKnownFileType = sourcecode.c.objc; path = RunStopRunLoopVC.m; sourceTree = "<group>"; };
		24EA2FE32243AA03004EE50F /* Base */ = {isa = PBXFileReference; lastKnownFileType = file.storyboard; name = Base; path = Base.lproj/Main.storyboard; sourceTree = "<group>"; };
		24EA2FE52243AA06004EE50F /* Assets.xcassets */ = {isa = PBXFileReference; lastKnownFileType = folder.assetcatalog; path = Assets.xcassets; sourceTree = "<group>"; };
		24EA2FE82243AA06004EE50F /* Base */ = {isa = PBXFileReference; lastKnownFileType = file.storyboard; name = Base; path = Base.lproj/LaunchScreen.storyboard; sourceTree = "<group>"; };
		24EA2FEA2243AA06004EE50F /* Info.plist */ = {isa = PBXFileReference; lastKnownFileType = text.plist.xml; path = Info.plist; sourceTree = "<group>"; };
		24EA2FEB2243AA06004EE50F /* main.m */ = {isa = PBXFileReference; lastKnownFileType = sourcecode.c.objc; path = main.m; sourceTree = "<group>"; };
		24F62AF02268067E00BD5A77 /* ConditionMutexLockDemo.h */ = {isa = PBXFileReference; lastKnownFileType = sourcecode.c.h; path = ConditionMutexLockDemo.h; sourceTree = "<group>"; };
		24F62AF12268067E00BD5A77 /* ConditionMutexLockDemo.m */ = {isa = PBXFileReference; lastKnownFileType = sourcecode.c.objc; path = ConditionMutexLockDemo.m; sourceTree = "<group>"; };
/* End PBXFileReference section */

/* Begin PBXFrameworksBuildPhase section */
		24EA2FD62243AA03004EE50F /* Frameworks */ = {
			isa = PBXFrameworksBuildPhase;
			buildActionMask = 2147483647;
			files = (
			);
			runOnlyForDeploymentPostprocessing = 0;
		};
/* End PBXFrameworksBuildPhase section */

/* Begin PBXGroup section */
		240693F3226061D700D6F7E9 /* Lock */ = {
			isa = PBXGroup;
			children = (
				240693F42260621500D6F7E9 /* Lock.storyboard */,
				240693F62260623100D6F7E9 /* LockVC.h */,
				240693F72260623100D6F7E9 /* LockVC.m */,
				24DBFA8D2261E86700810BBD /* LockDemo.h */,
				24DBFA8E2261E86700810BBD /* LockDemo.m */,
				24DBFA902261EA5A00810BBD /* SpinLockDemo.h */,
				24DBFA912261EA5A00810BBD /* SpinLockDemo.m */,
				24DBFA932261F01600810BBD /* UnfairLockDemo.h */,
				24DBFA942261F01600810BBD /* UnfairLockDemo.m */,
				2469442A2261FDA0003B36BA /* MutexDemo.h */,
				2469442B2261FDA0003B36BA /* MutexDemo.m */,
				240025852262E3B1003FF26C /* RecursiveMutexLockDemo.h */,
				240025862262E3B1003FF26C /* RecursiveMutexLockDemo.m */,
				24ACE890226459FE000B9054 /* CheckLockTypeDemo.h */,
				24ACE891226459FE000B9054 /* CheckLockTypeDemo.m */,
				24F62AF02268067E00BD5A77 /* ConditionMutexLockDemo.h */,
				24F62AF12268067E00BD5A77 /* ConditionMutexLockDemo.m */,
				24238CBA2269569300FC415F /* NSLockDemo.h */,
				24238CBB2269569300FC415F /* NSLockDemo.m */,
				24238CBD226964C300FC415F /* NSRecursiveLockDemo.h */,
				24238CBE226964C300FC415F /* NSRecursiveLockDemo.m */,
				24238CC022696BE300FC415F /* NSConditionDemo.h */,
				24238CC122696BE300FC415F /* NSConditionDemo.m */,
				24238CC32269A58100FC415F /* NSConditionLockDemo.h */,
				24238CC42269A58100FC415F /* NSConditionLockDemo.m */,
				24238CC62269C06300FC415F /* SynSerialQueueDemo.h */,
				24238CC72269C06300FC415F /* SynSerialQueueDemo.m */,
				245241E7226AB83000C246F9 /* SemaphoreDemo.h */,
				245241E8226AB83000C246F9 /* SemaphoreDemo.m */,
				245241EA226ACC8400C246F9 /* SynchronizedDemo.h */,
				245241EB226ACC8400C246F9 /* SynchronizedDemo.m */,
			);
			path = Lock;
			sourceTree = "<group>";
		};
		24A7B197226D67E300171118 /* ReadWriteLock */ = {
			isa = PBXGroup;
			children = (
				24A7B19A226D684500171118 /* ReadWriteLockVC.storyboard */,
				24A7B19C226D726700171118 /* ReadWriteLockVC.h */,
				24A7B19D226D726700171118 /* ReadWriteLockVC.m */,
			);
			path = ReadWriteLock;
			sourceTree = "<group>";
		};
		24A7B19F226DD41000171118 /* MemoryManage */ = {
			isa = PBXGroup;
			children = (
				24A7B1A0226DD44D00171118 /* MemoryManagerDemoVC.h */,
				24A7B1A1226DD44D00171118 /* MemoryManagerDemoVC.m */,
				24006774226EABC30079368B /* HLWTimerTarget.h */,
				24006775226EABC30079368B /* HLWTimerTarget.m */,
				2400677A226F008A0079368B /* HLWTargetProxy.h */,
				2400677B226F008A0079368B /* HLWTargetProxy.m */,
				24A7B1A3226DDB0700171118 /* MemoryManagerDemoVC.storyboard */,
			);
			path = MemoryManage;
			sourceTree = "<group>";
		};
		24AD78752248AFB100520B8E /* LivedThread */ = {
			isa = PBXGroup;
			children = (
				2408DC8B2244787900F8F720 /* HLWThread.h */,
				2408DC8C2244787A00F8F720 /* HLWThread.m */,
				24AD786F22486E6D00520B8E /* HLWLivedThread.h */,
				24AD787022486E6D00520B8E /* HLWLivedThread.m */,
				24AD78762248B01100520B8E /* TestLivedThreadVC.h */,
				24AD78772248B01100520B8E /* TestLivedThreadVC.m */,
				24AD787B2248B03C00520B8E /* TestLivedThreadVC.storyboard */,
			);
			path = LivedThread;
			sourceTree = "<group>";
		};
		24EA2FD02243AA03004EE50F = {
			isa = PBXGroup;
			children = (
				24EA2FDB2243AA03004EE50F /* iOSLowLayer */,
				24EA2FDA2243AA03004EE50F /* Products */,
			);
			sourceTree = "<group>";
		};
		24EA2FDA2243AA03004EE50F /* Products */ = {
			isa = PBXGroup;
			children = (
				24EA2FD92243AA03004EE50F /* iOSLowLayer.app */,
			);
			name = Products;
			sourceTree = "<group>";
		};
		24EA2FDB2243AA03004EE50F /* iOSLowLayer */ = {
			isa = PBXGroup;
			children = (
				24EA2FDC2243AA03004EE50F /* AppDelegate.h */,
				24EA2FDD2243AA03004EE50F /* AppDelegate.m */,
				2408DC852244746300F8F720 /* TableViewController.h */,
				2408DC862244746300F8F720 /* TableViewController.m */,
				24AD7872224888C900520B8E /* LearnItem.h */,
				24AD7873224888C900520B8E /* LearnItem.m */,
				24EA2FDF2243AA03004EE50F /* RunStopRunLoopVC.h */,
				24EA2FE02243AA03004EE50F /* RunStopRunLoopVC.m */,
				240693F3226061D700D6F7E9 /* Lock */,
				24A7B197226D67E300171118 /* ReadWriteLock */,
				24AD78752248AFB100520B8E /* LivedThread */,
				24A7B19F226DD41000171118 /* MemoryManage */,
				24EA2FE22243AA03004EE50F /* Main.storyboard */,
				24EA2FE52243AA06004EE50F /* Assets.xcassets */,
				24EA2FE72243AA06004EE50F /* LaunchScreen.storyboard */,
				24EA2FEA2243AA06004EE50F /* Info.plist */,
				24EA2FEB2243AA06004EE50F /* main.m */,
			);
			path = iOSLowLayer;
			sourceTree = "<group>";
		};
/* End PBXGroup section */

/* Begin PBXNativeTarget section */
		24EA2FD82243AA03004EE50F /* iOSLowLayer */ = {
			isa = PBXNativeTarget;
			buildConfigurationList = 24EA2FEF2243AA07004EE50F /* Build configuration list for PBXNativeTarget "iOSLowLayer" */;
			buildPhases = (
				24EA2FD52243AA03004EE50F /* Sources */,
				24EA2FD62243AA03004EE50F /* Frameworks */,
				24EA2FD72243AA03004EE50F /* Resources */,
			);
			buildRules = (
			);
			dependencies = (
			);
			name = iOSLowLayer;
			productName = iOSLowLayer;
			productReference = 24EA2FD92243AA03004EE50F /* iOSLowLayer.app */;
			productType = "com.apple.product-type.application";
		};
/* End PBXNativeTarget section */

/* Begin PBXProject section */
		24EA2FD12243AA03004EE50F /* Project object */ = {
			isa = PBXProject;
			attributes = {
				LastUpgradeCheck = 1010;
				ORGANIZATIONNAME = itang;
				TargetAttributes = {
					24EA2FD82243AA03004EE50F = {
						CreatedOnToolsVersion = 10.1;
					};
				};
			};
			buildConfigurationList = 24EA2FD42243AA03004EE50F /* Build configuration list for PBXProject "iOSLowLayer" */;
			compatibilityVersion = "Xcode 9.3";
			developmentRegion = en;
			hasScannedForEncodings = 0;
			knownRegions = (
				en,
				Base,
			);
			mainGroup = 24EA2FD02243AA03004EE50F;
			productRefGroup = 24EA2FDA2243AA03004EE50F /* Products */;
			projectDirPath = "";
			projectRoot = "";
			targets = (
				24EA2FD82243AA03004EE50F /* iOSLowLayer */,
			);
		};
/* End PBXProject section */

/* Begin PBXResourcesBuildPhase section */
		24EA2FD72243AA03004EE50F /* Resources */ = {
			isa = PBXResourcesBuildPhase;
			buildActionMask = 2147483647;
			files = (
				24AD787C2248B03C00520B8E /* TestLivedThreadVC.storyboard in Resources */,
				24EA2FE92243AA06004EE50F /* LaunchScreen.storyboard in Resources */,
				24EA2FE62243AA06004EE50F /* Assets.xcassets in Resources */,
				24A7B19B226D684500171118 /* ReadWriteLockVC.storyboard in Resources */,
				24EA2FE42243AA03004EE50F /* Main.storyboard in Resources */,
				240693F52260621500D6F7E9 /* Lock.storyboard in Resources */,
				24A7B1A4226DDB0700171118 /* MemoryManagerDemoVC.storyboard in Resources */,
			);
			runOnlyForDeploymentPostprocessing = 0;
		};
/* End PBXResourcesBuildPhase section */

/* Begin PBXSourcesBuildPhase section */
		24EA2FD52243AA03004EE50F /* Sources */ = {
			isa = PBXSourcesBuildPhase;
			buildActionMask = 2147483647;
			files = (
				24EA2FE12243AA03004EE50F /* RunStopRunLoopVC.m in Sources */,
				24DBFA8F2261E86700810BBD /* LockDemo.m in Sources */,
				24238CC82269C06300FC415F /* SynSerialQueueDemo.m in Sources */,
				24EA2FEC2243AA06004EE50F /* main.m in Sources */,
				24ACE892226459FE000B9054 /* CheckLockTypeDemo.m in Sources */,
				24AD787122486E6D00520B8E /* HLWLivedThread.m in Sources */,
				24006776226EABC30079368B /* HLWTimerTarget.m in Sources */,
				2469442C2261FDA0003B36BA /* MutexDemo.m in Sources */,
				245241EC226ACC8400C246F9 /* SynchronizedDemo.m in Sources */,
				245241E9226AB83000C246F9 /* SemaphoreDemo.m in Sources */,
				240693F82260623100D6F7E9 /* LockVC.m in Sources */,
				24238CC222696BE300FC415F /* NSConditionDemo.m in Sources */,
				24238CBF226964C300FC415F /* NSRecursiveLockDemo.m in Sources */,
				240025872262E3B1003FF26C /* RecursiveMutexLockDemo.m in Sources */,
				24A7B19E226D726700171118 /* ReadWriteLockVC.m in Sources */,
				24238CC52269A58100FC415F /* NSConditionLockDemo.m in Sources */,
				24AD78792248B01100520B8E /* TestLivedThreadVC.m in Sources */,
				24EA2FDE2243AA03004EE50F /* AppDelegate.m in Sources */,
				2408DC8D2244787A00F8F720 /* HLWThread.m in Sources */,
				24F62AF22268067E00BD5A77 /* ConditionMutexLockDemo.m in Sources */,
				24A7B1A2226DD44D00171118 /* MemoryManagerDemoVC.m in Sources */,
				24AD7874224888C900520B8E /* LearnItem.m in Sources */,
				2408DC872244746300F8F720 /* TableViewController.m in Sources */,
				24DBFA952261F01600810BBD /* UnfairLockDemo.m in Sources */,
				24238CBC2269569300FC415F /* NSLockDemo.m in Sources */,
				2400677C226F008A0079368B /* HLWTargetProxy.m in Sources */,
				24DBFA922261EA5A00810BBD /* SpinLockDemo.m in Sources */,
			);
			runOnlyForDeploymentPostprocessing = 0;
		};
/* End PBXSourcesBuildPhase section */

/* Begin PBXVariantGroup section */
		24EA2FE22243AA03004EE50F /* Main.storyboard */ = {
			isa = PBXVariantGroup;
			children = (
				24EA2FE32243AA03004EE50F /* Base */,
			);
			name = Main.storyboard;
			sourceTree = "<group>";
		};
		24EA2FE72243AA06004EE50F /* LaunchScreen.storyboard */ = {
			isa = PBXVariantGroup;
			children = (
				24EA2FE82243AA06004EE50F /* Base */,
			);
			name = LaunchScreen.storyboard;
			sourceTree = "<group>";
		};
/* End PBXVariantGroup section */

/* Begin XCBuildConfiguration section */
		24EA2FED2243AA06004EE50F /* Debug */ = {
			isa = XCBuildConfiguration;
			buildSettings = {
				ALWAYS_SEARCH_USER_PATHS = NO;
				CLANG_ANALYZER_NONNULL = YES;
				CLANG_ANALYZER_NUMBER_OBJECT_CONVERSION = YES_AGGRESSIVE;
				CLANG_CXX_LANGUAGE_STANDARD = "gnu++14";
				CLANG_CXX_LIBRARY = "libc++";
				CLANG_ENABLE_MODULES = YES;
				CLANG_ENABLE_OBJC_ARC = YES;
				CLANG_ENABLE_OBJC_WEAK = YES;
				CLANG_WARN_BLOCK_CAPTURE_AUTORELEASING = YES;
				CLANG_WARN_BOOL_CONVERSION = YES;
				CLANG_WARN_COMMA = YES;
				CLANG_WARN_CONSTANT_CONVERSION = YES;
				CLANG_WARN_DEPRECATED_OBJC_IMPLEMENTATIONS = YES;
				CLANG_WARN_DIRECT_OBJC_ISA_USAGE = YES_ERROR;
				CLANG_WARN_DOCUMENTATION_COMMENTS = YES;
				CLANG_WARN_EMPTY_BODY = YES;
				CLANG_WARN_ENUM_CONVERSION = YES;
				CLANG_WARN_INFINITE_RECURSION = YES;
				CLANG_WARN_INT_CONVERSION = YES;
				CLANG_WARN_NON_LITERAL_NULL_CONVERSION = YES;
				CLANG_WARN_OBJC_IMPLICIT_RETAIN_SELF = YES;
				CLANG_WARN_OBJC_LITERAL_CONVERSION = YES;
				CLANG_WARN_OBJC_ROOT_CLASS = YES_ERROR;
				CLANG_WARN_RANGE_LOOP_ANALYSIS = YES;
				CLANG_WARN_STRICT_PROTOTYPES = YES;
				CLANG_WARN_SUSPICIOUS_MOVE = YES;
				CLANG_WARN_UNGUARDED_AVAILABILITY = YES_AGGRESSIVE;
				CLANG_WARN_UNREACHABLE_CODE = YES;
				CLANG_WARN__DUPLICATE_METHOD_MATCH = YES;
				CODE_SIGN_IDENTITY = "iPhone Developer";
				COPY_PHASE_STRIP = NO;
				DEBUG_INFORMATION_FORMAT = dwarf;
				ENABLE_STRICT_OBJC_MSGSEND = YES;
				ENABLE_TESTABILITY = YES;
				GCC_C_LANGUAGE_STANDARD = gnu11;
				GCC_DYNAMIC_NO_PIC = NO;
				GCC_NO_COMMON_BLOCKS = YES;
				GCC_OPTIMIZATION_LEVEL = 0;
				GCC_PREPROCESSOR_DEFINITIONS = (
					"DEBUG=1",
					"$(inherited)",
				);
				GCC_WARN_64_TO_32_BIT_CONVERSION = YES;
				GCC_WARN_ABOUT_RETURN_TYPE = YES_ERROR;
				GCC_WARN_UNDECLARED_SELECTOR = YES;
				GCC_WARN_UNINITIALIZED_AUTOS = YES_AGGRESSIVE;
				GCC_WARN_UNUSED_FUNCTION = YES;
				GCC_WARN_UNUSED_VARIABLE = YES;
				IPHONEOS_DEPLOYMENT_TARGET = 7.0;
				MTL_ENABLE_DEBUG_INFO = INCLUDE_SOURCE;
				MTL_FAST_MATH = YES;
				ONLY_ACTIVE_ARCH = YES;
				SDKROOT = iphoneos;
			};
			name = Debug;
		};
		24EA2FEE2243AA07004EE50F /* Release */ = {
			isa = XCBuildConfiguration;
			buildSettings = {
				ALWAYS_SEARCH_USER_PATHS = NO;
				CLANG_ANALYZER_NONNULL = YES;
				CLANG_ANALYZER_NUMBER_OBJECT_CONVERSION = YES_AGGRESSIVE;
				CLANG_CXX_LANGUAGE_STANDARD = "gnu++14";
				CLANG_CXX_LIBRARY = "libc++";
				CLANG_ENABLE_MODULES = YES;
				CLANG_ENABLE_OBJC_ARC = YES;
				CLANG_ENABLE_OBJC_WEAK = YES;
				CLANG_WARN_BLOCK_CAPTURE_AUTORELEASING = YES;
				CLANG_WARN_BOOL_CONVERSION = YES;
				CLANG_WARN_COMMA = YES;
				CLANG_WARN_CONSTANT_CONVERSION = YES;
				CLANG_WARN_DEPRECATED_OBJC_IMPLEMENTATIONS = YES;
				CLANG_WARN_DIRECT_OBJC_ISA_USAGE = YES_ERROR;
				CLANG_WARN_DOCUMENTATION_COMMENTS = YES;
				CLANG_WARN_EMPTY_BODY = YES;
				CLANG_WARN_ENUM_CONVERSION = YES;
				CLANG_WARN_INFINITE_RECURSION = YES;
				CLANG_WARN_INT_CONVERSION = YES;
				CLANG_WARN_NON_LITERAL_NULL_CONVERSION = YES;
				CLANG_WARN_OBJC_IMPLICIT_RETAIN_SELF = YES;
				CLANG_WARN_OBJC_LITERAL_CONVERSION = YES;
				CLANG_WARN_OBJC_ROOT_CLASS = YES_ERROR;
				CLANG_WARN_RANGE_LOOP_ANALYSIS = YES;
				CLANG_WARN_STRICT_PROTOTYPES = YES;
				CLANG_WARN_SUSPICIOUS_MOVE = YES;
				CLANG_WARN_UNGUARDED_AVAILABILITY = YES_AGGRESSIVE;
				CLANG_WARN_UNREACHABLE_CODE = YES;
				CLANG_WARN__DUPLICATE_METHOD_MATCH = YES;
				CODE_SIGN_IDENTITY = "iPhone Developer";
				COPY_PHASE_STRIP = NO;
				DEBUG_INFORMATION_FORMAT = "dwarf-with-dsym";
				ENABLE_NS_ASSERTIONS = NO;
				ENABLE_STRICT_OBJC_MSGSEND = YES;
				GCC_C_LANGUAGE_STANDARD = gnu11;
				GCC_NO_COMMON_BLOCKS = YES;
				GCC_WARN_64_TO_32_BIT_CONVERSION = YES;
				GCC_WARN_ABOUT_RETURN_TYPE = YES_ERROR;
				GCC_WARN_UNDECLARED_SELECTOR = YES;
				GCC_WARN_UNINITIALIZED_AUTOS = YES_AGGRESSIVE;
				GCC_WARN_UNUSED_FUNCTION = YES;
				GCC_WARN_UNUSED_VARIABLE = YES;
				IPHONEOS_DEPLOYMENT_TARGET = 7.0;
				MTL_ENABLE_DEBUG_INFO = NO;
				MTL_FAST_MATH = YES;
				SDKROOT = iphoneos;
				VALIDATE_PRODUCT = YES;
			};
			name = Release;
		};
		24EA2FF02243AA07004EE50F /* Debug */ = {
			isa = XCBuildConfiguration;
			buildSettings = {
				ASSETCATALOG_COMPILER_APPICON_NAME = AppIcon;
				CODE_SIGN_STYLE = Automatic;
				DEVELOPMENT_TEAM = AMQ984D26F;
				INFOPLIST_FILE = iOSLowLayer/Info.plist;
				IPHONEOS_DEPLOYMENT_TARGET = 8.0;
				LD_RUNPATH_SEARCH_PATHS = (
					"$(inherited)",
					"@executable_path/Frameworks",
				);
				PRODUCT_BUNDLE_IDENTIFIER = com.itang.iOSLowLayer;
				PRODUCT_NAME = "$(TARGET_NAME)";
				TARGETED_DEVICE_FAMILY = 1;
			};
			name = Debug;
		};
		24EA2FF12243AA07004EE50F /* Release */ = {
			isa = XCBuildConfiguration;
			buildSettings = {
				ASSETCATALOG_COMPILER_APPICON_NAME = AppIcon;
				CODE_SIGN_STYLE = Automatic;
				DEVELOPMENT_TEAM = AMQ984D26F;
				INFOPLIST_FILE = iOSLowLayer/Info.plist;
				IPHONEOS_DEPLOYMENT_TARGET = 8.0;
				LD_RUNPATH_SEARCH_PATHS = (
					"$(inherited)",
					"@executable_path/Frameworks",
				);
				PRODUCT_BUNDLE_IDENTIFIER = com.itang.iOSLowLayer;
				PRODUCT_NAME = "$(TARGET_NAME)";
				TARGETED_DEVICE_FAMILY = 1;
			};
			name = Release;
		};
/* End XCBuildConfiguration section */

/* Begin XCConfigurationList section */
		24EA2FD42243AA03004EE50F /* Build configuration list for PBXProject "iOSLowLayer" */ = {
			isa = XCConfigurationList;
			buildConfigurations = (
				24EA2FED2243AA06004EE50F /* Debug */,
				24EA2FEE2243AA07004EE50F /* Release */,
			);
			defaultConfigurationIsVisible = 0;
			defaultConfigurationName = Release;
		};
		24EA2FEF2243AA07004EE50F /* Build configuration list for PBXNativeTarget "iOSLowLayer" */ = {
			isa = XCConfigurationList;
			buildConfigurations = (
				24EA2FF02243AA07004EE50F /* Debug */,
				24EA2FF12243AA07004EE50F /* Release */,
			);
			defaultConfigurationIsVisible = 0;
			defaultConfigurationName = Release;
		};
/* End XCConfigurationList section */
	};
	rootObject = 24EA2FD12243AA03004EE50F /* Project object */;
}
